{
  "name": "renovate-test",
  "version": "1.0.0",
  "lockfileVersion": 2,
  "requires": true,
  "packages": {
    "": {
      "name": "renovate-test",
      "version": "1.0.0",
      "license": "ISC",
      "dependencies": {
        "@akashic/amflow": "3.1.0",
        "@akashic/playlog": "3.1.0",
        "@akashic/trigger": "1.0.0",
        "aev1": "npm:@akashic/engine-files@3.2.2",
        "aev2": "npm:@akashic/engine-files@2.2.0",
        "aev3": "npm:@akashic/engine-files@3.2.0"
      }
    },
    "node_modules/@akashic/amflow": {
      "version": "3.1.0",
      "resolved": "https://registry.npmjs.org/@akashic/amflow/-/amflow-3.1.0.tgz",
      "integrity": "sha512-rruOfUXAQNI8V63dH3BMwZPH5ANKmODWbAohF1LvfrA3UixXDMlV2afLdk8km2wZnD8su3i/JATyWov355lFmQ==",
      "dependencies": {
        "@akashic/playlog": "~3.1.0"
      }
    },
    "node_modules/@akashic/amflow-util": {
      "version": "1.1.0",
      "resolved": "https://registry.npmjs.org/@akashic/amflow-util/-/amflow-util-1.1.0.tgz",
      "integrity": "sha512-YiovZCqn98uK4RZJCHQulqva5rQCBkAvfwW+JZqI4qaCQBuH9FQPMlER2iulpwpGj5o10c5ALzKO7TJA+1/rcw==",
      "dependencies": {
        "@akashic/amflow": "~3.1.0",
        "@akashic/playlog": "~3.1.0"
      }
    },
    "node_modules/@akashic/game-configuration": {
      "version": "1.3.0",
      "resolved": "https://registry.npmjs.org/@akashic/game-configuration/-/game-configuration-1.3.0.tgz",
      "integrity": "sha512-eR4zwuW1ozpAFFtPRQxHykTX4MYNke5k/lWFSY6LzN5qw4U3Pl6tgrHNg1I866R0/B2WUh1N50/hcbKglsyBmQ==",
      "dependencies": {
        "@akashic/pdi-types": "~1.3.0"
      },
      "optionalDependencies": {
        "es6-promise": "^4.2.8"
      }
    },
    "node_modules/@akashic/game-driver": {
      "version": "2.7.1",
      "resolved": "https://registry.npmjs.org/@akashic/game-driver/-/game-driver-2.7.1.tgz",
      "integrity": "sha512-ttZyFK3REmG2ToKttKB3nA/I/wW3r5W0VxU9bXFJd88zvrInnhE3YXfv1eEe84T2Q+uQ5/FBY9t4ixkLarYmtw==",
      "dependencies": {
        "@akashic/akashic-engine": "~3.4.1",
        "@akashic/amflow-util": "~1.1.0",
        "@akashic/game-configuration": "~1.3.0",
        "es6-promise": "^4.2.8"
      }
    },
    "node_modules/@akashic/game-driver/node_modules/@akashic/akashic-engine": {
      "version": "3.4.3",
      "resolved": "https://registry.npmjs.org/@akashic/akashic-engine/-/akashic-engine-3.4.3.tgz",
      "integrity": "sha512-nqoEVbWJzoGN2G0W/G2exRdEcWzAJ/rybSry0fUoqJzM1H3LOkpjdlNa1fkZ2uXE6223GOVHT17Blfbw88FOvg==",
      "dependencies": {
        "@akashic/game-configuration": "~1.4.0",
        "@akashic/pdi-types": "~1.3.0",
        "@akashic/playlog": "~3.1.0",
        "@akashic/trigger": "~1.0.0"
      }
    },
    "node_modules/@akashic/game-driver/node_modules/@akashic/akashic-engine/node_modules/@akashic/game-configuration": {
      "version": "1.4.0",
      "resolved": "https://registry.npmjs.org/@akashic/game-configuration/-/game-configuration-1.4.0.tgz",
      "integrity": "sha512-AUfpwCKt2wpLzRrTd2l9KdpWNUR/aKyVDsY+9DPmms8kK2TWZ9vALv+FCliJZzf4zzkfswShcdAHQ4yb+YBa5A==",
      "dependencies": {
        "@akashic/pdi-types": "~1.3.0"
      },
      "optionalDependencies": {
        "es6-promise": "^4.2.8"
      }
    },
    "node_modules/@akashic/pdi-browser": {
      "version": "2.2.1",
      "resolved": "https://registry.npmjs.org/@akashic/pdi-browser/-/pdi-browser-2.2.1.tgz",
      "integrity": "sha512-AZefzctZ4xHGXzExI6uyOx10lOcvqg05eoSAGPUZ0uNZEUiw6HYeDXYkuDINiTF19aRFJCjOonVBXsVUJMolRQ==",
      "dependencies": {
        "@akashic/trigger": "~1.0.0"
      }
    },
    "node_modules/@akashic/pdi-common-impl": {
      "version": "0.2.0",
      "resolved": "https://registry.npmjs.org/@akashic/pdi-common-impl/-/pdi-common-impl-0.2.0.tgz",
      "integrity": "sha512-g0hA7RKW4uxbjJHmCJxkVKNcDGbOlnkkEgHkuo9TxziUqggBdro/xVxFTb8+0cK9zWM6KSmrXvIZZ1HXFuaShw==",
      "dependencies": {
        "@akashic/trigger": "~1.0.0"
      }
    },
    "node_modules/@akashic/pdi-types": {
      "version": "1.3.0",
      "resolved": "https://registry.npmjs.org/@akashic/pdi-types/-/pdi-types-1.3.0.tgz",
      "integrity": "sha512-tLMDArxGDf+VZs2yOUkxpccfjNhe+GOdxpYBHaJifk7Q/iO9uzDHad4kV4yGcEs/0bEyi48WXk9ZleAAG/1Ndw==",
      "dependencies": {
        "@akashic/amflow": "~3.1.0",
        "@akashic/playlog": "~3.1.0",
        "@akashic/trigger": "~1.0.0"
      }
    },
    "node_modules/@akashic/playlog": {
      "version": "3.1.0",
      "resolved": "https://registry.npmjs.org/@akashic/playlog/-/playlog-3.1.0.tgz",
      "integrity": "sha512-O0gByaFr8Cq7Xc9QVg2MamhxZIssfFXvGSEegyJhUz787xCQ4SK5R0fdN0cUMoPJJBay/6W17scG1G8ndxC24g=="
    },
    "node_modules/@akashic/trigger": {
      "version": "1.0.0",
      "resolved": "https://registry.npmjs.org/@akashic/trigger/-/trigger-1.0.0.tgz",
      "integrity": "sha512-BjWM5iVBLTuW/jqiKjCdjNbTTY8uGF6ocBMKxYpyz1sGWmtGNLxS+w1uw83zdxeQfyNXHD+8aRYRh5Wgt+Gafw=="
    },
    "node_modules/aev1": {
      "name": "@akashic/engine-files",
      "version": "3.2.2",
      "resolved": "https://registry.npmjs.org/@akashic/engine-files/-/engine-files-3.2.2.tgz",
      "integrity": "sha512-rhW2+kIBRtG+8HNLWWz/jkl6bL/LR63WwXNvqT2H3rBN4vuRGaW2AarYlE5Ty6EBG0mLP/cJwhMRV1XO6PmzBA==",
      "dependencies": {
        "@akashic/akashic-engine": "3.4.3",
        "@akashic/game-configuration": "1.4.0",
        "@akashic/game-driver": "2.7.1",
        "@akashic/pdi-browser": "2.2.1",
        "@akashic/pdi-common-impl": "0.2.0",
        "@akashic/pdi-types": "1.3.0"
      }
    },
    "node_modules/aev1/node_modules/@akashic/akashic-engine": {
      "version": "3.4.3",
      "resolved": "https://registry.npmjs.org/@akashic/akashic-engine/-/akashic-engine-3.4.3.tgz",
      "integrity": "sha512-nqoEVbWJzoGN2G0W/G2exRdEcWzAJ/rybSry0fUoqJzM1H3LOkpjdlNa1fkZ2uXE6223GOVHT17Blfbw88FOvg==",
      "dependencies": {
        "@akashic/game-configuration": "~1.4.0",
        "@akashic/pdi-types": "~1.3.0",
        "@akashic/playlog": "~3.1.0",
        "@akashic/trigger": "~1.0.0"
      }
    },
    "node_modules/aev1/node_modules/@akashic/game-configuration": {
      "version": "1.4.0",
      "resolved": "https://registry.npmjs.org/@akashic/game-configuration/-/game-configuration-1.4.0.tgz",
      "integrity": "sha512-AUfpwCKt2wpLzRrTd2l9KdpWNUR/aKyVDsY+9DPmms8kK2TWZ9vALv+FCliJZzf4zzkfswShcdAHQ4yb+YBa5A==",
      "dependencies": {
        "@akashic/pdi-types": "~1.3.0"
      },
      "optionalDependencies": {
        "es6-promise": "^4.2.8"
      }
    },
    "node_modules/aev2": {
      "name": "@akashic/engine-files",
      "version": "2.2.0",
      "resolved": "https://registry.npmjs.org/@akashic/engine-files/-/engine-files-2.2.0.tgz",
      "integrity": "sha512-cNwMqaaX4VSqW+GVjKOoRGB7gbVcHN5A2YFYtsvQFepNpLblMm73UmAF0Eijvb3knZoB254MxRcZbLqw39OKkg==",
      "dependencies": {
        "@akashic/akashic-engine": "2.6.6",
        "@akashic/akashic-pdi": "2.10.0",
        "@akashic/game-driver": "1.10.1",
        "@akashic/pdi-browser": "1.11.1"
      },
      "optionalDependencies": {
        "@akashic/playlog-client": "7.0.61"
      }
    },
    "node_modules/aev2/node_modules/@akashic/akashic-engine": {
      "version": "2.6.6",
      "resolved": "https://registry.npmjs.org/@akashic/akashic-engine/-/akashic-engine-2.6.6.tgz",
      "integrity": "sha512-3TMGlwXIEVRXpx2n0Wle+UTW98yOeNLlP8htkb8ZpFGHg3hIKHUq8+rRl+01oj4ND11xaFVuizvfRg5htjO2Rw=="
    },
    "node_modules/aev2/node_modules/@akashic/akashic-pdi": {
      "version": "2.10.0",
      "resolved": "https://registry.npmjs.org/@akashic/akashic-pdi/-/akashic-pdi-2.10.0.tgz",
      "integrity": "sha512-TFLZ9MC369HFRjQGatllk84Qv++0wbKhiM1jUHbZVZQ/0j96ochSBSyyZksPIWt7PxFVl/EnUvOw0+x+TzR9fw==",
      "dependencies": {
        "@akashic/akashic-engine": "~2.6.1",
        "@akashic/amflow": "~3.0.0",
        "@akashic/playlog": "~3.1.0"
      }
    },
    "node_modules/aev2/node_modules/@akashic/amflow": {
      "version": "3.0.0",
      "resolved": "https://registry.npmjs.org/@akashic/amflow/-/amflow-3.0.0.tgz",
      "integrity": "sha512-0QZYEx6jPTC/mt7H5k1QKM5N6keZG+NTZdwoKO37909sBzdb/DUmCpWXCw0nD6G1ftBkXUZFIQYwU8LesaDVlQ==",
      "dependencies": {
        "@akashic/playlog": "~3.1.0"
      }
    },
    "node_modules/aev2/node_modules/@akashic/game-driver": {
      "version": "1.10.1",
      "resolved": "https://registry.npmjs.org/@akashic/game-driver/-/game-driver-1.10.1.tgz",
      "integrity": "sha512-qpeQdZMsQUIKVwmt8l8n5XyL3cCunlfqQoioGRP5hx2FUuZ5y2mjngY+YsCMYzQLWVmyaq9tswpZgGloQbOLfw==",
      "dependencies": {
        "@akashic/akashic-engine": "~2.6.3",
        "es6-promise": "^4.2.8"
      }
    },
    "node_modules/aev2/node_modules/@akashic/pdi-browser": {
      "version": "1.11.1",
      "resolved": "https://registry.npmjs.org/@akashic/pdi-browser/-/pdi-browser-1.11.1.tgz",
      "integrity": "sha512-/fLC8eo1wwi98dUG8EVqskyQWg+7ul7iwuI+fAZ4xdsinC22AW0lQk3AyIQJkNxslOWqhcM+PdglaI3ttgqHTA==",
      "dependencies": {
        "@akashic/akashic-engine": "~2.6.3"
      }
    },
    "node_modules/aev3": {
      "name": "@akashic/engine-files",
      "version": "3.2.0",
      "resolved": "https://registry.npmjs.org/@akashic/engine-files/-/engine-files-3.2.0.tgz",
      "integrity": "sha512-u+PCQJcuxP6Byz+gYMDmOVCN3vqU+YVsv7rxuAzeykAmbB2G5sQlWI6ZA8zlks1b+7xU/nfpQTZ/nEenFkmwyw==",
      "dependencies": {
        "@akashic/akashic-engine": "3.4.1",
        "@akashic/game-configuration": "1.3.0",
        "@akashic/game-driver": "2.7.1",
        "@akashic/pdi-browser": "2.2.0",
        "@akashic/pdi-common-impl": "0.2.0",
        "@akashic/pdi-types": "1.3.0"
      },
      "optionalDependencies": {
        "@akashic/playlog-client": "7.2.1"
      }
    },
    "node_modules/aev3/node_modules/@akashic/akashic-engine": {
      "version": "3.4.1",
      "resolved": "https://registry.npmjs.org/@akashic/akashic-engine/-/akashic-engine-3.4.1.tgz",
      "integrity": "sha512-fXpo18DxZKyUM3ZvMvxwLTaGnUKzOlmWCC87PBGBjtfVNCrSGhfmAAqLA8zXyK0Zo7DXznkoMRTNMZMG7yXxxA==",
      "dependencies": {
        "@akashic/game-configuration": "~1.3.0",
        "@akashic/pdi-types": "~1.3.0",
        "@akashic/playlog": "~3.1.0",
        "@akashic/trigger": "~1.0.0"
      }
    },
    "node_modules/aev3/node_modules/@akashic/pdi-browser": {
      "version": "2.2.0",
      "resolved": "https://registry.npmjs.org/@akashic/pdi-browser/-/pdi-browser-2.2.0.tgz",
      "integrity": "sha512-v4AcsdjSF3lyKaUh/f70pWJL/qg5kZRXGx1jN0j+pflv7BPsGpfK4ay6BZ+PgMoQxSnx3LFHuHRL6OXswjkJpA==",
      "dependencies": {
        "@akashic/trigger": "~1.0.0"
      }
    },
    "node_modules/es6-promise": {
      "version": "4.2.8",
      "resolved": "https://registry.npmjs.org/es6-promise/-/es6-promise-4.2.8.tgz",
      "integrity": "sha512-HJDGx5daxeIvxdBxvG2cb9g4tEvwIk3i8+nhX0yGrYmZUzbkdg8QbDevheDB8gd0//uPj4c1EQua8Q+MViT0/w=="
    }
  },
  "dependencies": {
    "@akashic/amflow": {
      "version": "3.1.0",
      "resolved": "https://registry.npmjs.org/@akashic/amflow/-/amflow-3.1.0.tgz",
      "integrity": "sha512-rruOfUXAQNI8V63dH3BMwZPH5ANKmODWbAohF1LvfrA3UixXDMlV2afLdk8km2wZnD8su3i/JATyWov355lFmQ==",
      "requires": {
        "@akashic/playlog": "~3.1.0"
      }
    },
    "@akashic/amflow-util": {
      "version": "1.1.0",
      "resolved": "https://registry.npmjs.org/@akashic/amflow-util/-/amflow-util-1.1.0.tgz",
      "integrity": "sha512-YiovZCqn98uK4RZJCHQulqva5rQCBkAvfwW+JZqI4qaCQBuH9FQPMlER2iulpwpGj5o10c5ALzKO7TJA+1/rcw==",
      "requires": {
        "@akashic/amflow": "~3.1.0",
        "@akashic/playlog": "~3.1.0"
      }
    },
    "@akashic/game-configuration": {
      "version": "1.3.0",
      "resolved": "https://registry.npmjs.org/@akashic/game-configuration/-/game-configuration-1.3.0.tgz",
      "integrity": "sha512-eR4zwuW1ozpAFFtPRQxHykTX4MYNke5k/lWFSY6LzN5qw4U3Pl6tgrHNg1I866R0/B2WUh1N50/hcbKglsyBmQ==",
      "requires": {
        "@akashic/pdi-types": "~1.3.0",
        "es6-promise": "^4.2.8"
      }
    },
    "@akashic/game-driver": {
      "version": "2.7.1",
      "resolved": "https://registry.npmjs.org/@akashic/game-driver/-/game-driver-2.7.1.tgz",
      "integrity": "sha512-ttZyFK3REmG2ToKttKB3nA/I/wW3r5W0VxU9bXFJd88zvrInnhE3YXfv1eEe84T2Q+uQ5/FBY9t4ixkLarYmtw==",
      "requires": {
        "@akashic/akashic-engine": "~3.4.1",
        "@akashic/amflow-util": "~1.1.0",
        "@akashic/game-configuration": "~1.3.0",
        "es6-promise": "^4.2.8"
      },
      "dependencies": {
        "@akashic/akashic-engine": {
          "version": "3.4.3",
          "resolved": "https://registry.npmjs.org/@akashic/akashic-engine/-/akashic-engine-3.4.3.tgz",
          "integrity": "sha512-nqoEVbWJzoGN2G0W/G2exRdEcWzAJ/rybSry0fUoqJzM1H3LOkpjdlNa1fkZ2uXE6223GOVHT17Blfbw88FOvg==",
          "requires": {
            "@akashic/game-configuration": "~1.4.0",
            "@akashic/pdi-types": "~1.3.0",
            "@akashic/playlog": "~3.1.0",
            "@akashic/trigger": "~1.0.0"
          },
          "dependencies": {
            "@akashic/game-configuration": {
              "version": "1.4.0",
              "resolved": "https://registry.npmjs.org/@akashic/game-configuration/-/game-configuration-1.4.0.tgz",
              "integrity": "sha512-AUfpwCKt2wpLzRrTd2l9KdpWNUR/aKyVDsY+9DPmms8kK2TWZ9vALv+FCliJZzf4zzkfswShcdAHQ4yb+YBa5A==",
              "requires": {
                "@akashic/pdi-types": "~1.3.0",
                "es6-promise": "^4.2.8"
              }
            }
          }
        }
      }
    },
    "@akashic/pdi-browser": {
      "version": "2.2.1",
      "resolved": "https://registry.npmjs.org/@akashic/pdi-browser/-/pdi-browser-2.2.1.tgz",
      "integrity": "sha512-AZefzctZ4xHGXzExI6uyOx10lOcvqg05eoSAGPUZ0uNZEUiw6HYeDXYkuDINiTF19aRFJCjOonVBXsVUJMolRQ==",
      "requires": {
        "@akashic/trigger": "~1.0.0"
      }
    },
    "@akashic/pdi-common-impl": {
      "version": "0.2.0",
      "resolved": "https://registry.npmjs.org/@akashic/pdi-common-impl/-/pdi-common-impl-0.2.0.tgz",
      "integrity": "sha512-g0hA7RKW4uxbjJHmCJxkVKNcDGbOlnkkEgHkuo9TxziUqggBdro/xVxFTb8+0cK9zWM6KSmrXvIZZ1HXFuaShw==",
      "requires": {
        "@akashic/trigger": "~1.0.0"
      }
    },
    "@akashic/pdi-types": {
      "version": "1.3.0",
      "resolved": "https://registry.npmjs.org/@akashic/pdi-types/-/pdi-types-1.3.0.tgz",
      "integrity": "sha512-tLMDArxGDf+VZs2yOUkxpccfjNhe+GOdxpYBHaJifk7Q/iO9uzDHad4kV4yGcEs/0bEyi48WXk9ZleAAG/1Ndw==",
      "requires": {
        "@akashic/amflow": "~3.1.0",
        "@akashic/playlog": "~3.1.0",
        "@akashic/trigger": "~1.0.0"
      }
    },
    "@akashic/playlog": {
      "version": "3.1.0",
      "resolved": "https://registry.npmjs.org/@akashic/playlog/-/playlog-3.1.0.tgz",
      "integrity": "sha512-O0gByaFr8Cq7Xc9QVg2MamhxZIssfFXvGSEegyJhUz787xCQ4SK5R0fdN0cUMoPJJBay/6W17scG1G8ndxC24g=="
    },
    "@akashic/trigger": {
      "version": "1.0.0",
      "resolved": "https://registry.npmjs.org/@akashic/trigger/-/trigger-1.0.0.tgz",
      "integrity": "sha512-BjWM5iVBLTuW/jqiKjCdjNbTTY8uGF6ocBMKxYpyz1sGWmtGNLxS+w1uw83zdxeQfyNXHD+8aRYRh5Wgt+Gafw=="
    },
    "aev1": {
      "version": "npm:@akashic/engine-files@3.2.2",
      "resolved": "https://registry.npmjs.org/@akashic/engine-files/-/engine-files-3.2.2.tgz",
      "integrity": "sha512-rhW2+kIBRtG+8HNLWWz/jkl6bL/LR63WwXNvqT2H3rBN4vuRGaW2AarYlE5Ty6EBG0mLP/cJwhMRV1XO6PmzBA==",
      "requires": {
        "@akashic/akashic-engine": "3.4.3",
        "@akashic/game-configuration": "1.4.0",
        "@akashic/game-driver": "2.7.1",
        "@akashic/pdi-browser": "2.2.1",
        "@akashic/pdi-common-impl": "0.2.0",
        "@akashic/pdi-types": "1.3.0"
      },
      "dependencies": {
        "@akashic/akashic-engine": {
          "version": "3.4.3",
          "resolved": "https://registry.npmjs.org/@akashic/akashic-engine/-/akashic-engine-3.4.3.tgz",
          "integrity": "sha512-nqoEVbWJzoGN2G0W/G2exRdEcWzAJ/rybSry0fUoqJzM1H3LOkpjdlNa1fkZ2uXE6223GOVHT17Blfbw88FOvg==",
          "requires": {
            "@akashic/game-configuration": "~1.4.0",
            "@akashic/pdi-types": "~1.3.0",
            "@akashic/playlog": "~3.1.0",
            "@akashic/trigger": "~1.0.0"
          }
        },
        "@akashic/game-configuration": {
          "version": "1.4.0",
          "resolved": "https://registry.npmjs.org/@akashic/game-configuration/-/game-configuration-1.4.0.tgz",
          "integrity": "sha512-AUfpwCKt2wpLzRrTd2l9KdpWNUR/aKyVDsY+9DPmms8kK2TWZ9vALv+FCliJZzf4zzkfswShcdAHQ4yb+YBa5A==",
          "requires": {
            "@akashic/pdi-types": "~1.3.0",
            "es6-promise": "^4.2.8"
          }
        }
      }
    },
    "aev2": {
      "version": "npm:@akashic/engine-files@2.2.0",
      "resolved": "https://registry.npmjs.org/@akashic/engine-files/-/engine-files-2.2.0.tgz",
      "integrity": "sha512-cNwMqaaX4VSqW+GVjKOoRGB7gbVcHN5A2YFYtsvQFepNpLblMm73UmAF0Eijvb3knZoB254MxRcZbLqw39OKkg==",
      "requires": {
        "@akashic/akashic-engine": "2.6.6",
        "@akashic/akashic-pdi": "2.10.0",
        "@akashic/game-driver": "1.10.1",
        "@akashic/pdi-browser": "1.11.1",
        "@akashic/playlog-client": "7.0.61"
      },
      "dependencies": {
        "@akashic/akashic-engine": {
          "version": "2.6.6",
          "resolved": "https://registry.npmjs.org/@akashic/akashic-engine/-/akashic-engine-2.6.6.tgz",
          "integrity": "sha512-3TMGlwXIEVRXpx2n0Wle+UTW98yOeNLlP8htkb8ZpFGHg3hIKHUq8+rRl+01oj4ND11xaFVuizvfRg5htjO2Rw=="
        },
        "@akashic/akashic-pdi": {
          "version": "2.10.0",
          "resolved": "https://registry.npmjs.org/@akashic/akashic-pdi/-/akashic-pdi-2.10.0.tgz",
          "integrity": "sha512-TFLZ9MC369HFRjQGatllk84Qv++0wbKhiM1jUHbZVZQ/0j96ochSBSyyZksPIWt7PxFVl/EnUvOw0+x+TzR9fw==",
          "requires": {
            "@akashic/akashic-engine": "~2.6.1",
            "@akashic/amflow": "~3.0.0",
            "@akashic/playlog": "~3.1.0"
          }
        },
        "@akashic/amflow": {
          "version": "3.0.0",
          "resolved": "https://registry.npmjs.org/@akashic/amflow/-/amflow-3.0.0.tgz",
          "integrity": "sha512-0QZYEx6jPTC/mt7H5k1QKM5N6keZG+NTZdwoKO37909sBzdb/DUmCpWXCw0nD6G1ftBkXUZFIQYwU8LesaDVlQ==",
          "requires": {
            "@akashic/playlog": "~3.1.0"
          }
        },
        "@akashic/game-driver": {
          "version": "1.10.1",
          "resolved": "https://registry.npmjs.org/@akashic/game-driver/-/game-driver-1.10.1.tgz",
          "integrity": "sha512-qpeQdZMsQUIKVwmt8l8n5XyL3cCunlfqQoioGRP5hx2FUuZ5y2mjngY+YsCMYzQLWVmyaq9tswpZgGloQbOLfw==",
          "requires": {
            "@akashic/akashic-engine": "~2.6.3",
            "es6-promise": "^4.2.8"
          }
        },
        "@akashic/pdi-browser": {
          "version": "1.11.1",
          "resolved": "https://registry.npmjs.org/@akashic/pdi-browser/-/pdi-browser-1.11.1.tgz",
          "integrity": "sha512-/fLC8eo1wwi98dUG8EVqskyQWg+7ul7iwuI+fAZ4xdsinC22AW0lQk3AyIQJkNxslOWqhcM+PdglaI3ttgqHTA==",
          "requires": {
            "@akashic/akashic-engine": "~2.6.3"
          }
        }
      }
    },
    "aev3": {
      "version": "npm:@akashic/engine-files@3.2.0",
      "resolved": "https://registry.npmjs.org/@akashic/engine-files/-/engine-files-3.2.0.tgz",
      "integrity": "sha512-u+PCQJcuxP6Byz+gYMDmOVCN3vqU+YVsv7rxuAzeykAmbB2G5sQlWI6ZA8zlks1b+7xU/nfpQTZ/nEenFkmwyw==",
      "requires": {
        "@akashic/akashic-engine": "3.4.1",
        "@akashic/game-configuration": "1.3.0",
        "@akashic/game-driver": "2.7.1",
        "@akashic/pdi-browser": "2.2.0",
        "@akashic/pdi-common-impl": "0.2.0",
        "@akashic/pdi-types": "1.3.0",
        "@akashic/playlog-client": "7.2.1"
      },
      "dependencies": {
        "@akashic/akashic-engine": {
          "version": "3.4.1",
          "resolved": "https://registry.npmjs.org/@akashic/akashic-engine/-/akashic-engine-3.4.1.tgz",
          "integrity": "sha512-fXpo18DxZKyUM3ZvMvxwLTaGnUKzOlmWCC87PBGBjtfVNCrSGhfmAAqLA8zXyK0Zo7DXznkoMRTNMZMG7yXxxA==",
          "requires": {
            "@akashic/game-configuration": "~1.3.0",
            "@akashic/pdi-types": "~1.3.0",
            "@akashic/playlog": "~3.1.0",
            "@akashic/trigger": "~1.0.0"
          }
        },
        "@akashic/pdi-browser": {
          "version": "2.2.0",
          "resolved": "https://registry.npmjs.org/@akashic/pdi-browser/-/pdi-browser-2.2.0.tgz",
          "integrity": "sha512-v4AcsdjSF3lyKaUh/f70pWJL/qg5kZRXGx1jN0j+pflv7BPsGpfK4ay6BZ+PgMoQxSnx3LFHuHRL6OXswjkJpA==",
          "requires": {
            "@akashic/trigger": "~1.0.0"
          }
        }
      }
    },
    "es6-promise": {
      "version": "4.2.8",
      "resolved": "https://registry.npmjs.org/es6-promise/-/es6-promise-4.2.8.tgz",
      "integrity": "sha512-HJDGx5daxeIvxdBxvG2cb9g4tEvwIk3i8+nhX0yGrYmZUzbkdg8QbDevheDB8gd0//uPj4c1EQua8Q+MViT0/w=="
    }
  }
}
