{
  "name": "renovate-test",
  "version": "1.0.1",
  "lockfileVersion": 2,
  "requires": true,
  "packages": {
    "": {
      "name": "renovate-test",
      "version": "1.0.1",
      "license": "ISC",
      "dependencies": {
        "@akashic/amflow": "3.1.0",
        "@akashic/playlog": "3.1.0",
        "@akashic/trigger": "1.0.0",
        "aev1": "npm:@akashic/engine-files@1.1.5",
        "aev2": "npm:@akashic/engine-files@2.1.57",
        "aev3": "npm:@akashic/engine-files@3.0.0"
      }
    },
    "node_modules/@akashic/akashic-engine": {
      "version": "1.12.17",
      "resolved": "https://registry.npmjs.org/@akashic/akashic-engine/-/akashic-engine-1.12.17.tgz",
      "integrity": "sha512-tF88zyEavJ135t2wNBAVuE7k31qK1xvmvs7mB6nWzgOsQFHsuvvhvylo1fUylORjka8HXkr2+TkQCDZZr9g7uw=="
    },
    "node_modules/@akashic/akashic-pdi": {
      "version": "1.10.1",
      "resolved": "https://registry.npmjs.org/@akashic/akashic-pdi/-/akashic-pdi-1.10.1.tgz",
      "integrity": "sha512-hVnMTcir1gseSvLzVfwgdior3/LF+DWmC+rHTJfch06LRjHazo6WsNEjLB8YnkaVZtf6dP6r6uL4GppPE1Ozew==",
      "dependencies": {
        "@akashic/akashic-engine": "~1.12.0",
        "@akashic/amflow": "~0.2.2",
        "@akashic/playlog": "~1.3.1"
      }
    },
    "node_modules/@akashic/akashic-pdi/node_modules/@akashic/amflow": {
      "version": "0.2.4",
      "resolved": "https://registry.npmjs.org/@akashic/amflow/-/amflow-0.2.4.tgz",
      "integrity": "sha512-btE137Ka3TZrnjwh7nbblLx5PGmw1435B6cpzaZvc4G4SrYOgiiZgvEuwceo61Gkwr28ZVWq6UEoxXQjEnbygw==",
      "dependencies": {
        "@akashic/playlog": "~1.3.1"
      }
    },
    "node_modules/@akashic/akashic-pdi/node_modules/@akashic/playlog": {
      "version": "1.3.3",
      "resolved": "https://registry.npmjs.org/@akashic/playlog/-/playlog-1.3.3.tgz",
      "integrity": "sha512-JV+4pkO+x/YGEIQA50E/DUEVPMZJEuowtzhdCdoHxlH2ZyuKsxZtTKGFTr2Pf9T8k1WXukOkdzjT5Bx7U5CsJQ=="
    },
    "node_modules/@akashic/amflow": {
      "version": "3.1.0",
      "resolved": "https://registry.npmjs.org/@akashic/amflow/-/amflow-3.1.0.tgz",
      "integrity": "sha512-rruOfUXAQNI8V63dH3BMwZPH5ANKmODWbAohF1LvfrA3UixXDMlV2afLdk8km2wZnD8su3i/JATyWov355lFmQ==",
      "dependencies": {
        "@akashic/playlog": "~3.1.0"
      }
    },
    "node_modules/@akashic/game-driver": {
      "version": "0.11.19",
      "resolved": "https://registry.npmjs.org/@akashic/game-driver/-/game-driver-0.11.19.tgz",
      "integrity": "sha512-iQr/zf4QajpfJc7Ks9WN4zoUSxpriNGByfIchKbbzxAW/IAFTsSpyG0wmKiZR9PqcgeSIJPJlyHq7fj9SmrEcQ==",
      "dependencies": {
        "@akashic/akashic-engine": "~1.12.9",
        "es6-promise": "^3.1.2"
      }
    },
    "node_modules/@akashic/pdi-types": {
      "version": "1.1.0",
      "resolved": "https://registry.npmjs.org/@akashic/pdi-types/-/pdi-types-1.1.0.tgz",
      "integrity": "sha512-j+lgS/YWZQBIWG/xKWXBS9r6FJBGI1qBeNJEp1NbXFHwK7fdZmDcV07UwkXuIBcBjrHrlc9C2VrKCK5GJT0qGg==",
      "dependencies": {
        "@akashic/amflow": "~3.0.0",
        "@akashic/playlog": "~3.1.0",
        "@akashic/trigger": "~1.0.0"
      }
    },
    "node_modules/@akashic/pdi-types/node_modules/@akashic/amflow": {
      "version": "3.0.0",
      "resolved": "https://registry.npmjs.org/@akashic/amflow/-/amflow-3.0.0.tgz",
      "integrity": "sha512-0QZYEx6jPTC/mt7H5k1QKM5N6keZG+NTZdwoKO37909sBzdb/DUmCpWXCw0nD6G1ftBkXUZFIQYwU8LesaDVlQ==",
      "dependencies": {
        "@akashic/playlog": "~3.1.0"
      }
    },
    "node_modules/@akashic/playlog": {
      "version": "3.1.0",
      "resolved": "https://registry.npmjs.org/@akashic/playlog/-/playlog-3.1.0.tgz",
      "integrity": "sha512-O0gByaFr8Cq7Xc9QVg2MamhxZIssfFXvGSEegyJhUz787xCQ4SK5R0fdN0cUMoPJJBay/6W17scG1G8ndxC24g=="
    },
    "node_modules/@akashic/trigger": {
      "version": "1.0.0",
      "resolved": "https://registry.npmjs.org/@akashic/trigger/-/trigger-1.0.0.tgz",
      "integrity": "sha512-BjWM5iVBLTuW/jqiKjCdjNbTTY8uGF6ocBMKxYpyz1sGWmtGNLxS+w1uw83zdxeQfyNXHD+8aRYRh5Wgt+Gafw=="
    },
    "node_modules/aev1": {
      "name": "@akashic/engine-files",
      "version": "1.1.5",
      "resolved": "https://registry.npmjs.org/@akashic/engine-files/-/engine-files-1.1.5.tgz",
      "integrity": "sha512-XBrCb//pBi+wyo+0wodk3MrBUwi61hjCjzA1Jk7t7C13e/gqcWLZjvs1/X0t7PoHS5mS5HCHnEL6G91Qktgg/Q==",
      "dependencies": {
        "@akashic/akashic-engine": "1.12.17",
        "@akashic/akashic-pdi": "1.10.1",
        "@akashic/game-driver": "0.11.19"
      },
      "optionalDependencies": {
        "@akashic/playlog-client": "4.0.0"
      }
    },
    "node_modules/aev2": {
      "name": "@akashic/engine-files",
      "version": "2.1.57",
      "resolved": "https://registry.npmjs.org/@akashic/engine-files/-/engine-files-2.1.57.tgz",
      "integrity": "sha512-Ws8W8oirfayzcu0gDspd2KzlTaYUjgLUXVgPuDcpNaKV5TL0TirBe8H/WqThNePA2vPcerKnuUrUncgFwApGsQ==",
      "dependencies": {
        "@akashic/akashic-engine": "2.6.6",
        "@akashic/akashic-pdi": "2.10.0",
        "@akashic/game-driver": "1.10.1"
      },
      "optionalDependencies": {
        "@akashic/playlog-client": "7.0.61"
      }
    },
    "node_modules/aev2/node_modules/@akashic/akashic-engine": {
      "version": "2.6.6",
      "resolved": "https://registry.npmjs.org/@akashic/akashic-engine/-/akashic-engine-2.6.6.tgz",
      "integrity": "sha512-3TMGlwXIEVRXpx2n0Wle+UTW98yOeNLlP8htkb8ZpFGHg3hIKHUq8+rRl+01oj4ND11xaFVuizvfRg5htjO2Rw=="
    },
    "node_modules/aev2/node_modules/@akashic/akashic-pdi": {
      "version": "2.10.0",
      "resolved": "https://registry.npmjs.org/@akashic/akashic-pdi/-/akashic-pdi-2.10.0.tgz",
      "integrity": "sha512-TFLZ9MC369HFRjQGatllk84Qv++0wbKhiM1jUHbZVZQ/0j96ochSBSyyZksPIWt7PxFVl/EnUvOw0+x+TzR9fw==",
      "dependencies": {
        "@akashic/akashic-engine": "~2.6.1",
        "@akashic/amflow": "~3.0.0",
        "@akashic/playlog": "~3.1.0"
      }
    },
    "node_modules/aev2/node_modules/@akashic/amflow": {
      "version": "3.0.0",
      "resolved": "https://registry.npmjs.org/@akashic/amflow/-/amflow-3.0.0.tgz",
      "integrity": "sha512-0QZYEx6jPTC/mt7H5k1QKM5N6keZG+NTZdwoKO37909sBzdb/DUmCpWXCw0nD6G1ftBkXUZFIQYwU8LesaDVlQ==",
      "dependencies": {
        "@akashic/playlog": "~3.1.0"
      }
    },
    "node_modules/aev2/node_modules/@akashic/game-driver": {
      "version": "1.10.1",
      "resolved": "https://registry.npmjs.org/@akashic/game-driver/-/game-driver-1.10.1.tgz",
      "integrity": "sha512-qpeQdZMsQUIKVwmt8l8n5XyL3cCunlfqQoioGRP5hx2FUuZ5y2mjngY+YsCMYzQLWVmyaq9tswpZgGloQbOLfw==",
      "dependencies": {
        "@akashic/akashic-engine": "~2.6.3",
        "es6-promise": "^4.2.8"
      }
    },
    "node_modules/aev2/node_modules/es6-promise": {
      "version": "4.2.8",
      "resolved": "https://registry.npmjs.org/es6-promise/-/es6-promise-4.2.8.tgz",
      "integrity": "sha512-HJDGx5daxeIvxdBxvG2cb9g4tEvwIk3i8+nhX0yGrYmZUzbkdg8QbDevheDB8gd0//uPj4c1EQua8Q+MViT0/w=="
    },
    "node_modules/aev3": {
      "name": "@akashic/engine-files",
      "version": "3.0.0",
      "resolved": "https://registry.npmjs.org/@akashic/engine-files/-/engine-files-3.0.0.tgz",
      "integrity": "sha512-Tg1Gzzr8YMzjIVRvk74y0r41fRggfgqYkZwUnsWuhOX9MjM4Sy0qUtWtUuCZQVJWfHhs7DMzPNv4vinIgIh16w==",
      "dependencies": {
        "@akashic/akashic-engine": "3.0.0-beta.30",
        "@akashic/game-driver": "2.0.0-beta.9",
        "@akashic/pdi-types": "1.1.0"
      },
      "optionalDependencies": {
        "@akashic/playlog-client": "7.0.42"
      }
    },
    "node_modules/aev3/node_modules/@akashic/akashic-engine": {
      "version": "3.0.0-beta.30",
      "resolved": "https://registry.npmjs.org/@akashic/akashic-engine/-/akashic-engine-3.0.0-beta.30.tgz",
      "integrity": "sha512-B05yGlc0UzaTVuRldWjtT9XDNZyjV2t6akmW+5ZVGFxTpGvJv7CxHC/xTBrjzo25SI223G8Ks1SudEbQgDLC8w==",
      "dependencies": {
        "@akashic/pdi-types": "~1.1.0",
        "@akashic/playlog": "~3.1.0",
        "@akashic/trigger": "~1.0.0"
      }
    },
    "node_modules/aev3/node_modules/@akashic/game-driver": {
      "version": "2.0.0-beta.9",
      "resolved": "https://registry.npmjs.org/@akashic/game-driver/-/game-driver-2.0.0-beta.9.tgz",
      "integrity": "sha512-vJ4UWuj9oOaQ5LA2ZokHU4XuHqRByd74GRCmzYVv0LPm95Os6fE59RXn+S21AEEqYqxoFFjoR9+az/AILg1i2g==",
      "dependencies": {
        "@akashic/akashic-engine": "~3.0.0-beta.30",
        "es6-promise": "^4.2.8"
      }
    },
    "node_modules/aev3/node_modules/es6-promise": {
      "version": "4.2.8",
      "resolved": "https://registry.npmjs.org/es6-promise/-/es6-promise-4.2.8.tgz",
      "integrity": "sha512-HJDGx5daxeIvxdBxvG2cb9g4tEvwIk3i8+nhX0yGrYmZUzbkdg8QbDevheDB8gd0//uPj4c1EQua8Q+MViT0/w=="
    },
    "node_modules/es6-promise": {
      "version": "3.3.1",
      "resolved": "https://registry.npmjs.org/es6-promise/-/es6-promise-3.3.1.tgz",
      "integrity": "sha512-SOp9Phqvqn7jtEUxPWdWfWoLmyt2VaJ6MpvP9Comy1MceMXqE6bxvaTu4iaxpYYPzhny28Lc+M87/c2cPK6lDg=="
    }
  },
  "dependencies": {
    "@akashic/akashic-engine": {
      "version": "1.12.17",
      "resolved": "https://registry.npmjs.org/@akashic/akashic-engine/-/akashic-engine-1.12.17.tgz",
      "integrity": "sha512-tF88zyEavJ135t2wNBAVuE7k31qK1xvmvs7mB6nWzgOsQFHsuvvhvylo1fUylORjka8HXkr2+TkQCDZZr9g7uw=="
    },
    "@akashic/akashic-pdi": {
      "version": "1.10.1",
      "resolved": "https://registry.npmjs.org/@akashic/akashic-pdi/-/akashic-pdi-1.10.1.tgz",
      "integrity": "sha512-hVnMTcir1gseSvLzVfwgdior3/LF+DWmC+rHTJfch06LRjHazo6WsNEjLB8YnkaVZtf6dP6r6uL4GppPE1Ozew==",
      "requires": {
        "@akashic/akashic-engine": "~1.12.0",
        "@akashic/amflow": "~0.2.2",
        "@akashic/playlog": "~1.3.1"
      },
      "dependencies": {
        "@akashic/amflow": {
          "version": "0.2.4",
          "resolved": "https://registry.npmjs.org/@akashic/amflow/-/amflow-0.2.4.tgz",
          "integrity": "sha512-btE137Ka3TZrnjwh7nbblLx5PGmw1435B6cpzaZvc4G4SrYOgiiZgvEuwceo61Gkwr28ZVWq6UEoxXQjEnbygw==",
          "requires": {
            "@akashic/playlog": "~1.3.1"
          }
        },
        "@akashic/playlog": {
          "version": "1.3.3",
          "resolved": "https://registry.npmjs.org/@akashic/playlog/-/playlog-1.3.3.tgz",
          "integrity": "sha512-JV+4pkO+x/YGEIQA50E/DUEVPMZJEuowtzhdCdoHxlH2ZyuKsxZtTKGFTr2Pf9T8k1WXukOkdzjT5Bx7U5CsJQ=="
        }
      }
    },
    "@akashic/amflow": {
      "version": "3.1.0",
      "resolved": "https://registry.npmjs.org/@akashic/amflow/-/amflow-3.1.0.tgz",
      "integrity": "sha512-rruOfUXAQNI8V63dH3BMwZPH5ANKmODWbAohF1LvfrA3UixXDMlV2afLdk8km2wZnD8su3i/JATyWov355lFmQ==",
      "requires": {
        "@akashic/playlog": "~3.1.0"
      }
    },
    "@akashic/game-driver": {
      "version": "0.11.19",
      "resolved": "https://registry.npmjs.org/@akashic/game-driver/-/game-driver-0.11.19.tgz",
      "integrity": "sha512-iQr/zf4QajpfJc7Ks9WN4zoUSxpriNGByfIchKbbzxAW/IAFTsSpyG0wmKiZR9PqcgeSIJPJlyHq7fj9SmrEcQ==",
      "requires": {
        "@akashic/akashic-engine": "~1.12.9",
        "es6-promise": "^3.1.2"
      }
    },
    "@akashic/pdi-types": {
      "version": "1.1.0",
      "resolved": "https://registry.npmjs.org/@akashic/pdi-types/-/pdi-types-1.1.0.tgz",
      "integrity": "sha512-j+lgS/YWZQBIWG/xKWXBS9r6FJBGI1qBeNJEp1NbXFHwK7fdZmDcV07UwkXuIBcBjrHrlc9C2VrKCK5GJT0qGg==",
      "requires": {
        "@akashic/amflow": "~3.0.0",
        "@akashic/playlog": "~3.1.0",
        "@akashic/trigger": "~1.0.0"
      },
      "dependencies": {
        "@akashic/amflow": {
          "version": "3.0.0",
          "resolved": "https://registry.npmjs.org/@akashic/amflow/-/amflow-3.0.0.tgz",
          "integrity": "sha512-0QZYEx6jPTC/mt7H5k1QKM5N6keZG+NTZdwoKO37909sBzdb/DUmCpWXCw0nD6G1ftBkXUZFIQYwU8LesaDVlQ==",
          "requires": {
            "@akashic/playlog": "~3.1.0"
          }
        }
      }
    },
    "@akashic/playlog": {
      "version": "3.1.0",
      "resolved": "https://registry.npmjs.org/@akashic/playlog/-/playlog-3.1.0.tgz",
      "integrity": "sha512-O0gByaFr8Cq7Xc9QVg2MamhxZIssfFXvGSEegyJhUz787xCQ4SK5R0fdN0cUMoPJJBay/6W17scG1G8ndxC24g=="
    },
    "@akashic/trigger": {
      "version": "1.0.0",
      "resolved": "https://registry.npmjs.org/@akashic/trigger/-/trigger-1.0.0.tgz",
      "integrity": "sha512-BjWM5iVBLTuW/jqiKjCdjNbTTY8uGF6ocBMKxYpyz1sGWmtGNLxS+w1uw83zdxeQfyNXHD+8aRYRh5Wgt+Gafw=="
    },
    "aev1": {
      "version": "npm:@akashic/engine-files@1.1.5",
      "resolved": "https://registry.npmjs.org/@akashic/engine-files/-/engine-files-1.1.5.tgz",
      "integrity": "sha512-XBrCb//pBi+wyo+0wodk3MrBUwi61hjCjzA1Jk7t7C13e/gqcWLZjvs1/X0t7PoHS5mS5HCHnEL6G91Qktgg/Q==",
      "requires": {
        "@akashic/akashic-engine": "1.12.17",
        "@akashic/akashic-pdi": "1.10.1",
        "@akashic/game-driver": "0.11.19",
        "@akashic/playlog-client": "4.0.0"
      }
    },
    "aev2": {
      "version": "npm:@akashic/engine-files@2.1.57",
      "resolved": "https://registry.npmjs.org/@akashic/engine-files/-/engine-files-2.1.57.tgz",
      "integrity": "sha512-Ws8W8oirfayzcu0gDspd2KzlTaYUjgLUXVgPuDcpNaKV5TL0TirBe8H/WqThNePA2vPcerKnuUrUncgFwApGsQ==",
      "requires": {
        "@akashic/akashic-engine": "2.6.6",
        "@akashic/akashic-pdi": "2.10.0",
        "@akashic/game-driver": "1.10.1",
        "@akashic/playlog-client": "7.0.61"
      },
      "dependencies": {
        "@akashic/akashic-engine": {
          "version": "2.6.6",
          "resolved": "https://registry.npmjs.org/@akashic/akashic-engine/-/akashic-engine-2.6.6.tgz",
          "integrity": "sha512-3TMGlwXIEVRXpx2n0Wle+UTW98yOeNLlP8htkb8ZpFGHg3hIKHUq8+rRl+01oj4ND11xaFVuizvfRg5htjO2Rw=="
        },
        "@akashic/akashic-pdi": {
          "version": "2.10.0",
          "resolved": "https://registry.npmjs.org/@akashic/akashic-pdi/-/akashic-pdi-2.10.0.tgz",
          "integrity": "sha512-TFLZ9MC369HFRjQGatllk84Qv++0wbKhiM1jUHbZVZQ/0j96ochSBSyyZksPIWt7PxFVl/EnUvOw0+x+TzR9fw==",
          "requires": {
            "@akashic/akashic-engine": "~2.6.1",
            "@akashic/amflow": "~3.0.0",
            "@akashic/playlog": "~3.1.0"
          }
        },
        "@akashic/amflow": {
          "version": "3.0.0",
          "resolved": "https://registry.npmjs.org/@akashic/amflow/-/amflow-3.0.0.tgz",
          "integrity": "sha512-0QZYEx6jPTC/mt7H5k1QKM5N6keZG+NTZdwoKO37909sBzdb/DUmCpWXCw0nD6G1ftBkXUZFIQYwU8LesaDVlQ==",
          "requires": {
            "@akashic/playlog": "~3.1.0"
          }
        },
        "@akashic/game-driver": {
          "version": "1.10.1",
          "resolved": "https://registry.npmjs.org/@akashic/game-driver/-/game-driver-1.10.1.tgz",
          "integrity": "sha512-qpeQdZMsQUIKVwmt8l8n5XyL3cCunlfqQoioGRP5hx2FUuZ5y2mjngY+YsCMYzQLWVmyaq9tswpZgGloQbOLfw==",
          "requires": {
            "@akashic/akashic-engine": "~2.6.3",
            "es6-promise": "^4.2.8"
          }
        },
        "es6-promise": {
          "version": "4.2.8",
          "resolved": "https://registry.npmjs.org/es6-promise/-/es6-promise-4.2.8.tgz",
          "integrity": "sha512-HJDGx5daxeIvxdBxvG2cb9g4tEvwIk3i8+nhX0yGrYmZUzbkdg8QbDevheDB8gd0//uPj4c1EQua8Q+MViT0/w=="
        }
      }
    },
    "aev3": {
      "version": "npm:@akashic/engine-files@3.0.0",
      "resolved": "https://registry.npmjs.org/@akashic/engine-files/-/engine-files-3.0.0.tgz",
      "integrity": "sha512-Tg1Gzzr8YMzjIVRvk74y0r41fRggfgqYkZwUnsWuhOX9MjM4Sy0qUtWtUuCZQVJWfHhs7DMzPNv4vinIgIh16w==",
      "requires": {
        "@akashic/akashic-engine": "3.0.0-beta.30",
        "@akashic/game-driver": "2.0.0-beta.9",
        "@akashic/pdi-types": "1.1.0",
        "@akashic/playlog-client": "7.0.42"
      },
      "dependencies": {
        "@akashic/akashic-engine": {
          "version": "3.0.0-beta.30",
          "resolved": "https://registry.npmjs.org/@akashic/akashic-engine/-/akashic-engine-3.0.0-beta.30.tgz",
          "integrity": "sha512-B05yGlc0UzaTVuRldWjtT9XDNZyjV2t6akmW+5ZVGFxTpGvJv7CxHC/xTBrjzo25SI223G8Ks1SudEbQgDLC8w==",
          "requires": {
            "@akashic/pdi-types": "~1.1.0",
            "@akashic/playlog": "~3.1.0",
            "@akashic/trigger": "~1.0.0"
          }
        },
        "@akashic/game-driver": {
          "version": "2.0.0-beta.9",
          "resolved": "https://registry.npmjs.org/@akashic/game-driver/-/game-driver-2.0.0-beta.9.tgz",
          "integrity": "sha512-vJ4UWuj9oOaQ5LA2ZokHU4XuHqRByd74GRCmzYVv0LPm95Os6fE59RXn+S21AEEqYqxoFFjoR9+az/AILg1i2g==",
          "requires": {
            "@akashic/akashic-engine": "~3.0.0-beta.30",
            "es6-promise": "^4.2.8"
          }
        },
        "es6-promise": {
          "version": "4.2.8",
          "resolved": "https://registry.npmjs.org/es6-promise/-/es6-promise-4.2.8.tgz",
          "integrity": "sha512-HJDGx5daxeIvxdBxvG2cb9g4tEvwIk3i8+nhX0yGrYmZUzbkdg8QbDevheDB8gd0//uPj4c1EQua8Q+MViT0/w=="
        }
      }
    },
    "es6-promise": {
      "version": "3.3.1",
      "resolved": "https://registry.npmjs.org/es6-promise/-/es6-promise-3.3.1.tgz",
      "integrity": "sha512-SOp9Phqvqn7jtEUxPWdWfWoLmyt2VaJ6MpvP9Comy1MceMXqE6bxvaTu4iaxpYYPzhny28Lc+M87/c2cPK6lDg=="
    }
  }
}
