{
  "name": "renovate-test",
  "version": "1.1.0",
  "lockfileVersion": 2,
  "requires": true,
  "packages": {
    "": {
      "name": "renovate-test",
      "version": "1.1.0",
      "license": "ISC",
      "dependencies": {
        "@akashic/amflow": "3.1.0",
        "@akashic/playlog": "3.1.0",
        "@akashic/trigger": "1.0.0",
        "aev1": "npm:@akashic/engine-files@1.4.0",
        "aev2": "npm:@akashic/engine-files@2.1.10",
        "aev3": "npm:@akashic/engine-files@3.0.0"
      }
    },
    "node_modules/@akashic/akashic-engine": {
      "version": "1.14.0",
      "resolved": "https://registry.npmjs.org/@akashic/akashic-engine/-/akashic-engine-1.14.0.tgz",
      "integrity": "sha512-hI/fVUs4yYWClJrYSSbW5DC5rCWQZUIlf1RSAYhye/2CIj7q5O1R0zeOpFE8pJEmYKi8AltiemDFsqAR5rMyMw=="
    },
    "node_modules/@akashic/akashic-pdi": {
      "version": "2.4.1",
      "resolved": "https://registry.npmjs.org/@akashic/akashic-pdi/-/akashic-pdi-2.4.1.tgz",
      "integrity": "sha512-jRN9GS2pwyJBKlQYvoWAAkpxmS7Xex7X2YRavLHKZ1H4C2Al7hhuhkaSHVps/1vBeuFtxqei2hl2O6HABsXfDA==",
      "dependencies": {
        "@akashic/akashic-engine": "~2.4.0",
        "@akashic/amflow": "~0.2.2",
        "@akashic/playlog": "~1.3.1"
      }
    },
    "node_modules/@akashic/akashic-pdi/node_modules/@akashic/akashic-engine": {
      "version": "2.4.15",
      "resolved": "https://registry.npmjs.org/@akashic/akashic-engine/-/akashic-engine-2.4.15.tgz",
      "integrity": "sha512-4ydWOkuqEiDXMLc+VdoNrjFu3ecp6r7zs3cx6+PpPLmsGNzQ/xN2TPogUB7ncDWaGA8l9tnFdIRkD9WXropB/w=="
    },
    "node_modules/@akashic/akashic-pdi/node_modules/@akashic/amflow": {
      "version": "0.2.4",
      "resolved": "https://registry.npmjs.org/@akashic/amflow/-/amflow-0.2.4.tgz",
      "integrity": "sha512-btE137Ka3TZrnjwh7nbblLx5PGmw1435B6cpzaZvc4G4SrYOgiiZgvEuwceo61Gkwr28ZVWq6UEoxXQjEnbygw==",
      "dependencies": {
        "@akashic/playlog": "~1.3.1"
      }
    },
    "node_modules/@akashic/akashic-pdi/node_modules/@akashic/playlog": {
      "version": "1.3.3",
      "resolved": "https://registry.npmjs.org/@akashic/playlog/-/playlog-1.3.3.tgz",
      "integrity": "sha512-JV+4pkO+x/YGEIQA50E/DUEVPMZJEuowtzhdCdoHxlH2ZyuKsxZtTKGFTr2Pf9T8k1WXukOkdzjT5Bx7U5CsJQ=="
    },
    "node_modules/@akashic/amflow": {
      "version": "3.1.0",
      "resolved": "https://registry.npmjs.org/@akashic/amflow/-/amflow-3.1.0.tgz",
      "integrity": "sha512-rruOfUXAQNI8V63dH3BMwZPH5ANKmODWbAohF1LvfrA3UixXDMlV2afLdk8km2wZnD8su3i/JATyWov355lFmQ==",
      "dependencies": {
        "@akashic/playlog": "~3.1.0"
      }
    },
    "node_modules/@akashic/game-driver": {
      "version": "2.0.0-beta.9",
      "resolved": "https://registry.npmjs.org/@akashic/game-driver/-/game-driver-2.0.0-beta.9.tgz",
      "integrity": "sha512-vJ4UWuj9oOaQ5LA2ZokHU4XuHqRByd74GRCmzYVv0LPm95Os6fE59RXn+S21AEEqYqxoFFjoR9+az/AILg1i2g==",
      "dependencies": {
        "@akashic/akashic-engine": "~3.0.0-beta.30",
        "es6-promise": "^4.2.8"
      }
    },
    "node_modules/@akashic/game-driver/node_modules/@akashic/akashic-engine": {
      "version": "3.0.4",
      "resolved": "https://registry.npmjs.org/@akashic/akashic-engine/-/akashic-engine-3.0.4.tgz",
      "integrity": "sha512-+MJXeDnKvGwe0D5QAbCfprq+2gu6wDl+SwSbtQdvnDrPbN7rT11MxaabatHBFQvZAvuSwSdvL0iu2VBpxV9WZg==",
      "dependencies": {
        "@akashic/pdi-types": "~1.1.1",
        "@akashic/playlog": "~3.1.0",
        "@akashic/trigger": "~1.0.0"
      }
    },
    "node_modules/@akashic/game-driver/node_modules/@akashic/amflow": {
      "version": "3.0.0",
      "resolved": "https://registry.npmjs.org/@akashic/amflow/-/amflow-3.0.0.tgz",
      "integrity": "sha512-0QZYEx6jPTC/mt7H5k1QKM5N6keZG+NTZdwoKO37909sBzdb/DUmCpWXCw0nD6G1ftBkXUZFIQYwU8LesaDVlQ==",
      "dependencies": {
        "@akashic/playlog": "~3.1.0"
      }
    },
    "node_modules/@akashic/game-driver/node_modules/@akashic/pdi-types": {
      "version": "1.1.1",
      "resolved": "https://registry.npmjs.org/@akashic/pdi-types/-/pdi-types-1.1.1.tgz",
      "integrity": "sha512-fMwflzmpaRAJqUfq5dJvGxFAle7mcwey0suLTxG/1UDfMeI6U0H/4sjKV0E+OfW6PkYbm9VkGn88MLIaogZVnw==",
      "dependencies": {
        "@akashic/amflow": "~3.0.0",
        "@akashic/playlog": "~3.1.0",
        "@akashic/trigger": "~1.0.0"
      }
    },
    "node_modules/@akashic/pdi-browser": {
      "version": "0.16.0",
      "resolved": "https://registry.npmjs.org/@akashic/pdi-browser/-/pdi-browser-0.16.0.tgz",
      "integrity": "sha512-39BKkhJgt5QCEEhqy1oLKcZ2XagNzquDrPlPKxFM5eruKbqJIQok34byDh7tGUIX/19BLfqVE2x5im/mN91Dhg==",
      "dependencies": {
        "@akashic/akashic-engine": "~1.14.0"
      }
    },
    "node_modules/@akashic/pdi-types": {
      "version": "1.1.0",
      "resolved": "https://registry.npmjs.org/@akashic/pdi-types/-/pdi-types-1.1.0.tgz",
      "integrity": "sha512-j+lgS/YWZQBIWG/xKWXBS9r6FJBGI1qBeNJEp1NbXFHwK7fdZmDcV07UwkXuIBcBjrHrlc9C2VrKCK5GJT0qGg==",
      "dependencies": {
        "@akashic/amflow": "~3.0.0",
        "@akashic/playlog": "~3.1.0",
        "@akashic/trigger": "~1.0.0"
      }
    },
    "node_modules/@akashic/pdi-types/node_modules/@akashic/amflow": {
      "version": "3.0.0",
      "resolved": "https://registry.npmjs.org/@akashic/amflow/-/amflow-3.0.0.tgz",
      "integrity": "sha512-0QZYEx6jPTC/mt7H5k1QKM5N6keZG+NTZdwoKO37909sBzdb/DUmCpWXCw0nD6G1ftBkXUZFIQYwU8LesaDVlQ==",
      "dependencies": {
        "@akashic/playlog": "~3.1.0"
      }
    },
    "node_modules/@akashic/playlog": {
      "version": "3.1.0",
      "resolved": "https://registry.npmjs.org/@akashic/playlog/-/playlog-3.1.0.tgz",
      "integrity": "sha512-O0gByaFr8Cq7Xc9QVg2MamhxZIssfFXvGSEegyJhUz787xCQ4SK5R0fdN0cUMoPJJBay/6W17scG1G8ndxC24g=="
    },
    "node_modules/@akashic/trigger": {
      "version": "1.0.0",
      "resolved": "https://registry.npmjs.org/@akashic/trigger/-/trigger-1.0.0.tgz",
      "integrity": "sha512-BjWM5iVBLTuW/jqiKjCdjNbTTY8uGF6ocBMKxYpyz1sGWmtGNLxS+w1uw83zdxeQfyNXHD+8aRYRh5Wgt+Gafw=="
    },
    "node_modules/aev1": {
      "name": "@akashic/engine-files",
      "version": "1.4.0",
      "resolved": "https://registry.npmjs.org/@akashic/engine-files/-/engine-files-1.4.0.tgz",
      "integrity": "sha512-rCSZTWfT77D7AxXx7dObXUmua9buscj3I3pAYW85PC8k0qP83EZ6KXJtkLITd7ej9bOgW3FEBELAgp6zN0uzbA==",
      "dependencies": {
        "@akashic/akashic-engine": "1.14.0",
        "@akashic/akashic-pdi": "1.17.0",
        "@akashic/amflow": "^3.3.0",
        "@akashic/game-driver": "0.17.0",
        "@akashic/pdi-browser": "0.16.0",
        "@akashic/playlog": "^3.3.0"
      }
    },
    "node_modules/aev1/node_modules/@akashic/akashic-pdi": {
      "version": "1.17.0",
      "resolved": "https://registry.npmjs.org/@akashic/akashic-pdi/-/akashic-pdi-1.17.0.tgz",
      "integrity": "sha512-sZWsC62FMq1TgESViKHVCq5oGUrn5Qw7IXTv7mhX5aTirZttWRew3esEBsr4SZdg1wuj/8qt/8INiKqbTZPVPg==",
      "dependencies": {
        "@akashic/akashic-engine": "~1.14.0",
        "@akashic/amflow": "^3.3.0",
        "@akashic/playlog": "^3.3.0"
      }
    },
    "node_modules/aev1/node_modules/@akashic/amflow": {
      "version": "3.3.0",
      "resolved": "https://registry.npmjs.org/@akashic/amflow/-/amflow-3.3.0.tgz",
      "integrity": "sha512-+dDBtwPfAOeslclGYYKF1yoGg+NiLnDHO3DVIGorkzSd9YLwf+LJGK4sQxRvltKBygmHmhaVrjP7de0PMA+c4Q==",
      "dependencies": {
        "@akashic/playlog": "~3.3.0"
      }
    },
    "node_modules/aev1/node_modules/@akashic/game-driver": {
      "version": "0.17.0",
      "resolved": "https://registry.npmjs.org/@akashic/game-driver/-/game-driver-0.17.0.tgz",
      "integrity": "sha512-Uk153I1IV3aNtZmHOG0yFx19NSL99kHtHkdpYIBgWa2QigRLP3GPIeVTPkQxP7ewclHygNwVaZFvRRy9i8OQpQ==",
      "dependencies": {
        "@akashic/akashic-engine": "~1.14.0",
        "es6-promise": "^4.2.8"
      }
    },
    "node_modules/aev1/node_modules/@akashic/playlog": {
      "version": "3.3.0",
      "resolved": "https://registry.npmjs.org/@akashic/playlog/-/playlog-3.3.0.tgz",
      "integrity": "sha512-pqX31etu1H9DGvfAuW8w4TiUdcKUUoTBJQd6HF1OZWMDC2O6RSx8DTndYa4Eqr9wll+bs3aRJqUHcVdDJKWevw=="
    },
    "node_modules/aev2": {
      "name": "@akashic/engine-files",
      "version": "2.1.10",
      "resolved": "https://registry.npmjs.org/@akashic/engine-files/-/engine-files-2.1.10.tgz",
      "integrity": "sha512-tkNtkNPLXaeF97VIJERPZ2wplCz3t2b4gil4P4cfLpkP+BClp23ZQ9/y1p/JOHs48wXRNmhth5OSqgXlhI26pw==",
      "dependencies": {
        "@akashic/akashic-engine": "2.4.11",
        "@akashic/akashic-pdi": "2.4.1",
        "@akashic/game-driver": "1.4.11"
      },
      "optionalDependencies": {
        "@akashic/playlog-client": "4.0.0"
      }
    },
    "node_modules/aev2/node_modules/@akashic/akashic-engine": {
      "version": "2.4.11",
      "resolved": "https://registry.npmjs.org/@akashic/akashic-engine/-/akashic-engine-2.4.11.tgz",
      "integrity": "sha512-hkXeIkcwYRTO5GrDebuT3UOQ0OYakxEJeDCAdguyrU56zgkCnYplEYdi9OA2yBNuoGDfaMhFyWn/RMJNNXgbUg=="
    },
    "node_modules/aev2/node_modules/@akashic/game-driver": {
      "version": "1.4.11",
      "resolved": "https://registry.npmjs.org/@akashic/game-driver/-/game-driver-1.4.11.tgz",
      "integrity": "sha512-33WJ9lqO0pYJberux0YoK6h/3hTRtkvFuNBcCA3ov2GGgOoxdIu5Opw7bJ+OEYA15RoaACHXCBTAj3C0/pQySA==",
      "dependencies": {
        "@akashic/akashic-engine": "~2.4.2",
        "es6-promise": "^3.1.2"
      }
    },
    "node_modules/aev2/node_modules/es6-promise": {
      "version": "3.3.1",
      "resolved": "https://registry.npmjs.org/es6-promise/-/es6-promise-3.3.1.tgz",
      "integrity": "sha512-SOp9Phqvqn7jtEUxPWdWfWoLmyt2VaJ6MpvP9Comy1MceMXqE6bxvaTu4iaxpYYPzhny28Lc+M87/c2cPK6lDg=="
    },
    "node_modules/aev3": {
      "name": "@akashic/engine-files",
      "version": "3.0.0",
      "resolved": "https://registry.npmjs.org/@akashic/engine-files/-/engine-files-3.0.0.tgz",
      "integrity": "sha512-Tg1Gzzr8YMzjIVRvk74y0r41fRggfgqYkZwUnsWuhOX9MjM4Sy0qUtWtUuCZQVJWfHhs7DMzPNv4vinIgIh16w==",
      "dependencies": {
        "@akashic/akashic-engine": "3.0.0-beta.30",
        "@akashic/game-driver": "2.0.0-beta.9",
        "@akashic/pdi-types": "1.1.0"
      },
      "optionalDependencies": {
        "@akashic/playlog-client": "7.0.42"
      }
    },
    "node_modules/aev3/node_modules/@akashic/akashic-engine": {
      "version": "3.0.0-beta.30",
      "resolved": "https://registry.npmjs.org/@akashic/akashic-engine/-/akashic-engine-3.0.0-beta.30.tgz",
      "integrity": "sha512-B05yGlc0UzaTVuRldWjtT9XDNZyjV2t6akmW+5ZVGFxTpGvJv7CxHC/xTBrjzo25SI223G8Ks1SudEbQgDLC8w==",
      "dependencies": {
        "@akashic/pdi-types": "~1.1.0",
        "@akashic/playlog": "~3.1.0",
        "@akashic/trigger": "~1.0.0"
      }
    },
    "node_modules/es6-promise": {
      "version": "4.2.8",
      "resolved": "https://registry.npmjs.org/es6-promise/-/es6-promise-4.2.8.tgz",
      "integrity": "sha512-HJDGx5daxeIvxdBxvG2cb9g4tEvwIk3i8+nhX0yGrYmZUzbkdg8QbDevheDB8gd0//uPj4c1EQua8Q+MViT0/w=="
    }
  },
  "dependencies": {
    "@akashic/akashic-engine": {
      "version": "1.14.0",
      "resolved": "https://registry.npmjs.org/@akashic/akashic-engine/-/akashic-engine-1.14.0.tgz",
      "integrity": "sha512-hI/fVUs4yYWClJrYSSbW5DC5rCWQZUIlf1RSAYhye/2CIj7q5O1R0zeOpFE8pJEmYKi8AltiemDFsqAR5rMyMw=="
    },
    "@akashic/akashic-pdi": {
      "version": "2.4.1",
      "resolved": "https://registry.npmjs.org/@akashic/akashic-pdi/-/akashic-pdi-2.4.1.tgz",
      "integrity": "sha512-jRN9GS2pwyJBKlQYvoWAAkpxmS7Xex7X2YRavLHKZ1H4C2Al7hhuhkaSHVps/1vBeuFtxqei2hl2O6HABsXfDA==",
      "requires": {
        "@akashic/akashic-engine": "~2.4.0",
        "@akashic/amflow": "~0.2.2",
        "@akashic/playlog": "~1.3.1"
      },
      "dependencies": {
        "@akashic/akashic-engine": {
          "version": "2.4.15",
          "resolved": "https://registry.npmjs.org/@akashic/akashic-engine/-/akashic-engine-2.4.15.tgz",
          "integrity": "sha512-4ydWOkuqEiDXMLc+VdoNrjFu3ecp6r7zs3cx6+PpPLmsGNzQ/xN2TPogUB7ncDWaGA8l9tnFdIRkD9WXropB/w=="
        },
        "@akashic/amflow": {
          "version": "0.2.4",
          "resolved": "https://registry.npmjs.org/@akashic/amflow/-/amflow-0.2.4.tgz",
          "integrity": "sha512-btE137Ka3TZrnjwh7nbblLx5PGmw1435B6cpzaZvc4G4SrYOgiiZgvEuwceo61Gkwr28ZVWq6UEoxXQjEnbygw==",
          "requires": {
            "@akashic/playlog": "~1.3.1"
          }
        },
        "@akashic/playlog": {
          "version": "1.3.3",
          "resolved": "https://registry.npmjs.org/@akashic/playlog/-/playlog-1.3.3.tgz",
          "integrity": "sha512-JV+4pkO+x/YGEIQA50E/DUEVPMZJEuowtzhdCdoHxlH2ZyuKsxZtTKGFTr2Pf9T8k1WXukOkdzjT5Bx7U5CsJQ=="
        }
      }
    },
    "@akashic/amflow": {
      "version": "3.1.0",
      "resolved": "https://registry.npmjs.org/@akashic/amflow/-/amflow-3.1.0.tgz",
      "integrity": "sha512-rruOfUXAQNI8V63dH3BMwZPH5ANKmODWbAohF1LvfrA3UixXDMlV2afLdk8km2wZnD8su3i/JATyWov355lFmQ==",
      "requires": {
        "@akashic/playlog": "~3.1.0"
      }
    },
    "@akashic/game-driver": {
      "version": "2.0.0-beta.9",
      "resolved": "https://registry.npmjs.org/@akashic/game-driver/-/game-driver-2.0.0-beta.9.tgz",
      "integrity": "sha512-vJ4UWuj9oOaQ5LA2ZokHU4XuHqRByd74GRCmzYVv0LPm95Os6fE59RXn+S21AEEqYqxoFFjoR9+az/AILg1i2g==",
      "requires": {
        "@akashic/akashic-engine": "~3.0.0-beta.30",
        "es6-promise": "^4.2.8"
      },
      "dependencies": {
        "@akashic/akashic-engine": {
          "version": "3.0.4",
          "resolved": "https://registry.npmjs.org/@akashic/akashic-engine/-/akashic-engine-3.0.4.tgz",
          "integrity": "sha512-+MJXeDnKvGwe0D5QAbCfprq+2gu6wDl+SwSbtQdvnDrPbN7rT11MxaabatHBFQvZAvuSwSdvL0iu2VBpxV9WZg==",
          "requires": {
            "@akashic/pdi-types": "~1.1.1",
            "@akashic/playlog": "~3.1.0",
            "@akashic/trigger": "~1.0.0"
          }
        },
        "@akashic/amflow": {
          "version": "3.0.0",
          "resolved": "https://registry.npmjs.org/@akashic/amflow/-/amflow-3.0.0.tgz",
          "integrity": "sha512-0QZYEx6jPTC/mt7H5k1QKM5N6keZG+NTZdwoKO37909sBzdb/DUmCpWXCw0nD6G1ftBkXUZFIQYwU8LesaDVlQ==",
          "requires": {
            "@akashic/playlog": "~3.1.0"
          }
        },
        "@akashic/pdi-types": {
          "version": "1.1.1",
          "resolved": "https://registry.npmjs.org/@akashic/pdi-types/-/pdi-types-1.1.1.tgz",
          "integrity": "sha512-fMwflzmpaRAJqUfq5dJvGxFAle7mcwey0suLTxG/1UDfMeI6U0H/4sjKV0E+OfW6PkYbm9VkGn88MLIaogZVnw==",
          "requires": {
            "@akashic/amflow": "~3.0.0",
            "@akashic/playlog": "~3.1.0",
            "@akashic/trigger": "~1.0.0"
          }
        }
      }
    },
    "@akashic/pdi-browser": {
      "version": "0.16.0",
      "resolved": "https://registry.npmjs.org/@akashic/pdi-browser/-/pdi-browser-0.16.0.tgz",
      "integrity": "sha512-39BKkhJgt5QCEEhqy1oLKcZ2XagNzquDrPlPKxFM5eruKbqJIQok34byDh7tGUIX/19BLfqVE2x5im/mN91Dhg==",
      "requires": {
        "@akashic/akashic-engine": "~1.14.0"
      }
    },
    "@akashic/pdi-types": {
      "version": "1.1.0",
      "resolved": "https://registry.npmjs.org/@akashic/pdi-types/-/pdi-types-1.1.0.tgz",
      "integrity": "sha512-j+lgS/YWZQBIWG/xKWXBS9r6FJBGI1qBeNJEp1NbXFHwK7fdZmDcV07UwkXuIBcBjrHrlc9C2VrKCK5GJT0qGg==",
      "requires": {
        "@akashic/amflow": "~3.0.0",
        "@akashic/playlog": "~3.1.0",
        "@akashic/trigger": "~1.0.0"
      },
      "dependencies": {
        "@akashic/amflow": {
          "version": "3.0.0",
          "resolved": "https://registry.npmjs.org/@akashic/amflow/-/amflow-3.0.0.tgz",
          "integrity": "sha512-0QZYEx6jPTC/mt7H5k1QKM5N6keZG+NTZdwoKO37909sBzdb/DUmCpWXCw0nD6G1ftBkXUZFIQYwU8LesaDVlQ==",
          "requires": {
            "@akashic/playlog": "~3.1.0"
          }
        }
      }
    },
    "@akashic/playlog": {
      "version": "3.1.0",
      "resolved": "https://registry.npmjs.org/@akashic/playlog/-/playlog-3.1.0.tgz",
      "integrity": "sha512-O0gByaFr8Cq7Xc9QVg2MamhxZIssfFXvGSEegyJhUz787xCQ4SK5R0fdN0cUMoPJJBay/6W17scG1G8ndxC24g=="
    },
    "@akashic/trigger": {
      "version": "1.0.0",
      "resolved": "https://registry.npmjs.org/@akashic/trigger/-/trigger-1.0.0.tgz",
      "integrity": "sha512-BjWM5iVBLTuW/jqiKjCdjNbTTY8uGF6ocBMKxYpyz1sGWmtGNLxS+w1uw83zdxeQfyNXHD+8aRYRh5Wgt+Gafw=="
    },
    "aev1": {
      "version": "npm:@akashic/engine-files@1.4.0",
      "resolved": "https://registry.npmjs.org/@akashic/engine-files/-/engine-files-1.4.0.tgz",
      "integrity": "sha512-rCSZTWfT77D7AxXx7dObXUmua9buscj3I3pAYW85PC8k0qP83EZ6KXJtkLITd7ej9bOgW3FEBELAgp6zN0uzbA==",
      "requires": {
        "@akashic/akashic-engine": "1.14.0",
        "@akashic/akashic-pdi": "1.17.0",
        "@akashic/amflow": "^3.3.0",
        "@akashic/game-driver": "0.17.0",
        "@akashic/pdi-browser": "0.16.0",
        "@akashic/playlog": "^3.3.0"
      },
      "dependencies": {
        "@akashic/akashic-pdi": {
          "version": "1.17.0",
          "resolved": "https://registry.npmjs.org/@akashic/akashic-pdi/-/akashic-pdi-1.17.0.tgz",
          "integrity": "sha512-sZWsC62FMq1TgESViKHVCq5oGUrn5Qw7IXTv7mhX5aTirZttWRew3esEBsr4SZdg1wuj/8qt/8INiKqbTZPVPg==",
          "requires": {
            "@akashic/akashic-engine": "~1.14.0",
            "@akashic/amflow": "^3.3.0",
            "@akashic/playlog": "^3.3.0"
          }
        },
        "@akashic/amflow": {
          "version": "3.3.0",
          "resolved": "https://registry.npmjs.org/@akashic/amflow/-/amflow-3.3.0.tgz",
          "integrity": "sha512-+dDBtwPfAOeslclGYYKF1yoGg+NiLnDHO3DVIGorkzSd9YLwf+LJGK4sQxRvltKBygmHmhaVrjP7de0PMA+c4Q==",
          "requires": {
            "@akashic/playlog": "~3.3.0"
          }
        },
        "@akashic/game-driver": {
          "version": "0.17.0",
          "resolved": "https://registry.npmjs.org/@akashic/game-driver/-/game-driver-0.17.0.tgz",
          "integrity": "sha512-Uk153I1IV3aNtZmHOG0yFx19NSL99kHtHkdpYIBgWa2QigRLP3GPIeVTPkQxP7ewclHygNwVaZFvRRy9i8OQpQ==",
          "requires": {
            "@akashic/akashic-engine": "~1.14.0",
            "es6-promise": "^4.2.8"
          }
        },
        "@akashic/playlog": {
          "version": "3.3.0",
          "resolved": "https://registry.npmjs.org/@akashic/playlog/-/playlog-3.3.0.tgz",
          "integrity": "sha512-pqX31etu1H9DGvfAuW8w4TiUdcKUUoTBJQd6HF1OZWMDC2O6RSx8DTndYa4Eqr9wll+bs3aRJqUHcVdDJKWevw=="
        }
      }
    },
    "aev2": {
      "version": "npm:@akashic/engine-files@2.1.10",
      "resolved": "https://registry.npmjs.org/@akashic/engine-files/-/engine-files-2.1.10.tgz",
      "integrity": "sha512-tkNtkNPLXaeF97VIJERPZ2wplCz3t2b4gil4P4cfLpkP+BClp23ZQ9/y1p/JOHs48wXRNmhth5OSqgXlhI26pw==",
      "requires": {
        "@akashic/akashic-engine": "2.4.11",
        "@akashic/akashic-pdi": "2.4.1",
        "@akashic/game-driver": "1.4.11",
        "@akashic/playlog-client": "4.0.0"
      },
      "dependencies": {
        "@akashic/akashic-engine": {
          "version": "2.4.11",
          "resolved": "https://registry.npmjs.org/@akashic/akashic-engine/-/akashic-engine-2.4.11.tgz",
          "integrity": "sha512-hkXeIkcwYRTO5GrDebuT3UOQ0OYakxEJeDCAdguyrU56zgkCnYplEYdi9OA2yBNuoGDfaMhFyWn/RMJNNXgbUg=="
        },
        "@akashic/game-driver": {
          "version": "1.4.11",
          "resolved": "https://registry.npmjs.org/@akashic/game-driver/-/game-driver-1.4.11.tgz",
          "integrity": "sha512-33WJ9lqO0pYJberux0YoK6h/3hTRtkvFuNBcCA3ov2GGgOoxdIu5Opw7bJ+OEYA15RoaACHXCBTAj3C0/pQySA==",
          "requires": {
            "@akashic/akashic-engine": "~2.4.2",
            "es6-promise": "^3.1.2"
          }
        },
        "es6-promise": {
          "version": "3.3.1",
          "resolved": "https://registry.npmjs.org/es6-promise/-/es6-promise-3.3.1.tgz",
          "integrity": "sha512-SOp9Phqvqn7jtEUxPWdWfWoLmyt2VaJ6MpvP9Comy1MceMXqE6bxvaTu4iaxpYYPzhny28Lc+M87/c2cPK6lDg=="
        }
      }
    },
    "aev3": {
      "version": "npm:@akashic/engine-files@3.0.0",
      "resolved": "https://registry.npmjs.org/@akashic/engine-files/-/engine-files-3.0.0.tgz",
      "integrity": "sha512-Tg1Gzzr8YMzjIVRvk74y0r41fRggfgqYkZwUnsWuhOX9MjM4Sy0qUtWtUuCZQVJWfHhs7DMzPNv4vinIgIh16w==",
      "requires": {
        "@akashic/akashic-engine": "3.0.0-beta.30",
        "@akashic/game-driver": "2.0.0-beta.9",
        "@akashic/pdi-types": "1.1.0",
        "@akashic/playlog-client": "7.0.42"
      },
      "dependencies": {
        "@akashic/akashic-engine": {
          "version": "3.0.0-beta.30",
          "resolved": "https://registry.npmjs.org/@akashic/akashic-engine/-/akashic-engine-3.0.0-beta.30.tgz",
          "integrity": "sha512-B05yGlc0UzaTVuRldWjtT9XDNZyjV2t6akmW+5ZVGFxTpGvJv7CxHC/xTBrjzo25SI223G8Ks1SudEbQgDLC8w==",
          "requires": {
            "@akashic/pdi-types": "~1.1.0",
            "@akashic/playlog": "~3.1.0",
            "@akashic/trigger": "~1.0.0"
          }
        }
      }
    },
    "es6-promise": {
      "version": "4.2.8",
      "resolved": "https://registry.npmjs.org/es6-promise/-/es6-promise-4.2.8.tgz",
      "integrity": "sha512-HJDGx5daxeIvxdBxvG2cb9g4tEvwIk3i8+nhX0yGrYmZUzbkdg8QbDevheDB8gd0//uPj4c1EQua8Q+MViT0/w=="
    }
  }
}
