{
	"name": "lerna-test-internal-module-1",
	"version": "0.0.1",
	"lockfileVersion": 2,
	"requires": true,
	"packages": {
		"": {
			"name": "lerna-test-internal-module-1",
			"version": "0.0.1",
			"devDependencies": {
				"@akashic/akashic-engine": "^1.12.16"
			}
		},
		"node_modules/@akashic/akashic-engine": {
			"version": "1.14.0",
			"resolved": "https://registry.npmjs.org/@akashic/akashic-engine/-/akashic-engine-1.14.0.tgz",
			"integrity": "sha512-hI/fVUs4yYWClJrYSSbW5DC5rCWQZUIlf1RSAYhye/2CIj7q5O1R0zeOpFE8pJEmYKi8AltiemDFsqAR5rMyMw==",
			"dev": true
		}
	},
	"dependencies": {
		"@akashic/akashic-engine": {
			"version": "1.14.0",
			"resolved": "https://registry.npmjs.org/@akashic/akashic-engine/-/akashic-engine-1.14.0.tgz",
			"integrity": "sha512-hI/fVUs4yYWClJrYSSbW5DC5rCWQZUIlf1RSAYhye/2CIj7q5O1R0zeOpFE8pJEmYKi8AltiemDFsqAR5rMyMw==",
			"dev": true
		}
	}
}
