{
  "name": "lerna-test-internal-module-1",
  "version": "0.0.1",
  "lockfileVersion": 1,
  "requires": true,
  "dependencies": {
    "@akashic/akashic-engine": {
      "version": "1.13.0",
      "resolved": "https://registry.npmjs.org/@akashic/akashic-engine/-/akashic-engine-1.13.0.tgz",
      "integrity": "sha512-v1NEBCKLXsi05T4oIcuZwDb3+Fspir16/0hE+QCQE5Pm/oYvdorx7hTEHCtm4ImAXOIGf41Mvu2kKPkU2ckWVw==",
      "dev": true
    },
    "lerna-test-internal-module": {}
  }
}
