{
  "name": "lerna-test-internal-module",
  "version": "0.0.1",
  "lockfileVersion": 1,
  "requires": true,
  "dependencies": {
    "inflection": {
      "version": "1.2.7",
      "resolved": "https://registry.npmjs.org/inflection/-/inflection-1.2.7.tgz",
      "integrity": "sha1-WdtFBTEKdGZ3GC7UbhVeADv7NZE="
    },
    "lorem-ipsum": {
      "version": "0.1.1",
      "resolved": "https://registry.npmjs.org/lorem-ipsum/-/lorem-ipsum-0.1.1.tgz",
      "integrity": "sha1-wJN6Dfu0N3wNckE64SZVUU+QJBk=",
      "requires": {
        "inflection": "~1.2.6",
        "optimist": "~0.3.5"
      }
    },
    "optimist": {
      "version": "0.3.7",
      "resolved": "https://registry.npmjs.org/optimist/-/optimist-0.3.7.tgz",
      "integrity": "sha1-yQlBrVnkJzMokjB00s8ufLxuwNk=",
      "requires": {
        "wordwrap": "~0.0.2"
      }
    },
    "wordwrap": {
      "version": "0.0.3",
      "resolved": "https://registry.npmjs.org/wordwrap/-/wordwrap-0.0.3.tgz",
      "integrity": "sha1-o9XabNXAvAAI03I0u68b7WMFkQc="
    }
  }
}
