{
	"name": "lerna-test-internal-module-2",
	"version": "0.0.1",
	"lockfileVersion": 2,
	"requires": true,
	"packages": {
		"": {
			"name": "lerna-test-internal-module-2",
			"version": "0.0.1",
			"dependencies": {
				"@akashic/akashic-engine": "^2.3.6"
			}
		},
		"node_modules/@akashic/akashic-engine": {
			"version": "2.6.6",
			"resolved": "https://registry.npmjs.org/@akashic/akashic-engine/-/akashic-engine-2.6.6.tgz",
			"integrity": "sha512-3TMGlwXIEVRXpx2n0Wle+UTW98yOeNLlP8htkb8ZpFGHg3hIKHUq8+rRl+01oj4ND11xaFVuizvfRg5htjO2Rw=="
		}
	},
	"dependencies": {
		"@akashic/akashic-engine": {
			"version": "2.6.6",
			"resolved": "https://registry.npmjs.org/@akashic/akashic-engine/-/akashic-engine-2.6.6.tgz",
			"integrity": "sha512-3TMGlwXIEVRXpx2n0Wle+UTW98yOeNLlP8htkb8ZpFGHg3hIKHUq8+rRl+01oj4ND11xaFVuizvfRg5htjO2Rw=="
		}
	}
}
