{
  "name": "lerna-test-internal-module-2",
  "version": "0.0.1",
  "lockfileVersion": 1,
  "requires": true,
  "dependencies": {
    "@akashic/akashic-engine": {
      "version": "2.6.3",
      "resolved": "https://registry.npmjs.org/@akashic/akashic-engine/-/akashic-engine-2.6.3.tgz",
      "integrity": "sha512-Ns9tg5fEre82crIlRTVGQYhZpF6DYqaeAAbK/Z+3Eu4xZEXzvItSEzxTgUANhfCvDR+kDuwl4DSbPMwzC9H/Hw=="
    }
  }
}
