{
  "name": "lerna-test-internal-module-2",
  "version": "0.0.1",
  "lockfileVersion": 1,
  "requires": true,
  "dependencies": {
    "@akashic/akashic-engine": {
      "version": "2.3.6",
      "resolved": "https://registry.npmjs.org/@akashic/akashic-engine/-/akashic-engine-2.3.6.tgz",
      "integrity": "sha512-iGMr4bXLLEXt2Wp/f+QeYLvWruplsT8ZaRG1Jyhaq5JG9zi9QhqY35A/5mkm//ZHK1sUZGNyTGvRivRCq/BO3A=="
    },
    "lerna-test-internal-module": {
      "version": "0.0.1"
    }
  }
}
